
Microsoft Visual Studio Solution File, Format Version 12.00
# Visual Studio Version 17
VisualStudioVersion = 17.0.31903.59
MinimumVisualStudioVersion = 10.0.40219.1
Project("{FAE04EC0-301F-11D3-BF4B-00C04F79EFBC}") = "SBA.APIGateway", "SBA.APIGateway\SBA.APIGateway.csproj", "{DD06DCB9-683C-43AB-930D-8FEC6AFB5931}"
EndProject
Project("{FAE04EC0-301F-11D3-BF4B-00C04F79EFBC}") = "SBA.Auth", "SBA.Auth\SBA.Auth.csproj", "{6CFB6F8D-2854-43EC-BE3D-A26784D827BB}"
EndProject
Project("{FAE04EC0-301F-11D3-BF4B-00C04F79EFBC}") = "SBA.Hierarchy", "SBA.Hierarchy\SBA.Hierarchy.csproj", "{C3BA41FD-9BB6-4256-9C61-2107A0C856C2}"
EndProject
Project("{FAE04EC0-301F-11D3-BF4B-00C04F79EFBC}") = "SBA.Userz", "SBA.Userz\SBA.Userz.csproj", "{8D78BB60-0F2E-41FF-A0C4-A77E11C4C8A7}"
EndProject
Project("{FAE04EC0-301F-11D3-BF4B-00C04F79EFBC}") = "SBA.Orderz", "SBA.Orderz\SBA.Orderz.csproj", "{934D389A-071F-4801-9383-1BBB7FD87B96}"
EndProject
Project("{2150E333-8FDC-42A3-9474-1A3956D46DE8}") = "GLOB", "GLOB", "{1DC6B352-3708-43D4-A506-F4732CC575AE}"
EndProject
Project("{FAE04EC0-301F-11D3-BF4B-00C04F79EFBC}") = "GLOB.API.Config", "GLOB\GLOB.API.Config\GLOB.API.Config.csproj", "{246E289E-480D-457A-BBE6-F5810C3A7899}"
EndProject
Project("{FAE04EC0-301F-11D3-BF4B-00C04F79EFBC}") = "GLOB.API", "GLOB\GLOB.API\GLOB.API.csproj", "{601B687F-8E71-4895-BF49-613C3C2ECBB1}"
EndProject
Project("{FAE04EC0-301F-11D3-BF4B-00C04F79EFBC}") = "GLOB.Domain", "GLOB\GLOB.Domain\GLOB.Domain.csproj", "{8FE326A7-7C77-4435-AC6C-E2F936D42FA8}"
EndProject
Project("{FAE04EC0-301F-11D3-BF4B-00C04F79EFBC}") = "GLOB.Infra", "GLOB\GLOB.Infra\GLOB.Infra.csproj", "{13A82F2E-4DC0-49DE-A5A0-AD4906E9857B}"
EndProject
Project("{FAE04EC0-301F-11D3-BF4B-00C04F79EFBC}") = "GLOB.Cache", "GLOB\GLOB.Cache\GLOB.Cache.csproj", "{C39020F9-CE3B-4C98-8B6B-C2F5A783916B}"
EndProject
Project("{FAE04EC0-301F-11D3-BF4B-00C04F79EFBC}") = "GLOB.Job", "GLOB\GLOB.Job\GLOB.Job.csproj", "{FB1AA587-9261-4E56-AE00-1898F2E01869}"
EndProject
Global
	GlobalSection(SolutionProperties) = preSolution
		HideSolutionNode = FALSE
	EndGlobalSection
	GlobalSection(SolutionConfigurationPlatforms) = preSolution
		Debug|Any CPU = Debug|Any CPU
		Debug|x64 = Debug|x64
		Debug|x86 = Debug|x86
		Release|Any CPU = Release|Any CPU
		Release|x64 = Release|x64
		Release|x86 = Release|x86
	EndGlobalSection
	GlobalSection(ProjectConfigurationPlatforms) = postSolution
		{DD06DCB9-683C-43AB-930D-8FEC6AFB5931}.Debug|Any CPU.ActiveCfg = Debug|Any CPU
		{DD06DCB9-683C-43AB-930D-8FEC6AFB5931}.Debug|Any CPU.Build.0 = Debug|Any CPU
		{DD06DCB9-683C-43AB-930D-8FEC6AFB5931}.Debug|x64.ActiveCfg = Debug|Any CPU
		{DD06DCB9-683C-43AB-930D-8FEC6AFB5931}.Debug|x64.Build.0 = Debug|Any CPU
		{DD06DCB9-683C-43AB-930D-8FEC6AFB5931}.Debug|x86.ActiveCfg = Debug|Any CPU
		{DD06DCB9-683C-43AB-930D-8FEC6AFB5931}.Debug|x86.Build.0 = Debug|Any CPU
		{DD06DCB9-683C-43AB-930D-8FEC6AFB5931}.Release|Any CPU.ActiveCfg = Release|Any CPU
		{DD06DCB9-683C-43AB-930D-8FEC6AFB5931}.Release|Any CPU.Build.0 = Release|Any CPU
		{DD06DCB9-683C-43AB-930D-8FEC6AFB5931}.Release|x64.ActiveCfg = Release|Any CPU
		{DD06DCB9-683C-43AB-930D-8FEC6AFB5931}.Release|x64.Build.0 = Release|Any CPU
		{DD06DCB9-683C-43AB-930D-8FEC6AFB5931}.Release|x86.ActiveCfg = Release|Any CPU
		{DD06DCB9-683C-43AB-930D-8FEC6AFB5931}.Release|x86.Build.0 = Release|Any CPU
		{6CFB6F8D-2854-43EC-BE3D-A26784D827BB}.Debug|Any CPU.ActiveCfg = Debug|Any CPU
		{6CFB6F8D-2854-43EC-BE3D-A26784D827BB}.Debug|Any CPU.Build.0 = Debug|Any CPU
		{6CFB6F8D-2854-43EC-BE3D-A26784D827BB}.Debug|x64.ActiveCfg = Debug|Any CPU
		{6CFB6F8D-2854-43EC-BE3D-A26784D827BB}.Debug|x64.Build.0 = Debug|Any CPU
		{6CFB6F8D-2854-43EC-BE3D-A26784D827BB}.Debug|x86.ActiveCfg = Debug|Any CPU
		{6CFB6F8D-2854-43EC-BE3D-A26784D827BB}.Debug|x86.Build.0 = Debug|Any CPU
		{6CFB6F8D-2854-43EC-BE3D-A26784D827BB}.Release|Any CPU.ActiveCfg = Release|Any CPU
		{6CFB6F8D-2854-43EC-BE3D-A26784D827BB}.Release|Any CPU.Build.0 = Release|Any CPU
		{6CFB6F8D-2854-43EC-BE3D-A26784D827BB}.Release|x64.ActiveCfg = Release|Any CPU
		{6CFB6F8D-2854-43EC-BE3D-A26784D827BB}.Release|x64.Build.0 = Release|Any CPU
		{6CFB6F8D-2854-43EC-BE3D-A26784D827BB}.Release|x86.ActiveCfg = Release|Any CPU
		{6CFB6F8D-2854-43EC-BE3D-A26784D827BB}.Release|x86.Build.0 = Release|Any CPU
		{C3BA41FD-9BB6-4256-9C61-2107A0C856C2}.Debug|Any CPU.ActiveCfg = Debug|Any CPU
		{C3BA41FD-9BB6-4256-9C61-2107A0C856C2}.Debug|Any CPU.Build.0 = Debug|Any CPU
		{C3BA41FD-9BB6-4256-9C61-2107A0C856C2}.Debug|x64.ActiveCfg = Debug|Any CPU
		{C3BA41FD-9BB6-4256-9C61-2107A0C856C2}.Debug|x64.Build.0 = Debug|Any CPU
		{C3BA41FD-9BB6-4256-9C61-2107A0C856C2}.Debug|x86.ActiveCfg = Debug|Any CPU
		{C3BA41FD-9BB6-4256-9C61-2107A0C856C2}.Debug|x86.Build.0 = Debug|Any CPU
		{C3BA41FD-9BB6-4256-9C61-2107A0C856C2}.Release|Any CPU.ActiveCfg = Release|Any CPU
		{C3BA41FD-9BB6-4256-9C61-2107A0C856C2}.Release|Any CPU.Build.0 = Release|Any CPU
		{C3BA41FD-9BB6-4256-9C61-2107A0C856C2}.Release|x64.ActiveCfg = Release|Any CPU
		{C3BA41FD-9BB6-4256-9C61-2107A0C856C2}.Release|x64.Build.0 = Release|Any CPU
		{C3BA41FD-9BB6-4256-9C61-2107A0C856C2}.Release|x86.ActiveCfg = Release|Any CPU
		{C3BA41FD-9BB6-4256-9C61-2107A0C856C2}.Release|x86.Build.0 = Release|Any CPU
		{8D78BB60-0F2E-41FF-A0C4-A77E11C4C8A7}.Debug|Any CPU.ActiveCfg = Debug|Any CPU
		{8D78BB60-0F2E-41FF-A0C4-A77E11C4C8A7}.Debug|Any CPU.Build.0 = Debug|Any CPU
		{8D78BB60-0F2E-41FF-A0C4-A77E11C4C8A7}.Debug|x64.ActiveCfg = Debug|Any CPU
		{8D78BB60-0F2E-41FF-A0C4-A77E11C4C8A7}.Debug|x64.Build.0 = Debug|Any CPU
		{8D78BB60-0F2E-41FF-A0C4-A77E11C4C8A7}.Debug|x86.ActiveCfg = Debug|Any CPU
		{8D78BB60-0F2E-41FF-A0C4-A77E11C4C8A7}.Debug|x86.Build.0 = Debug|Any CPU
		{8D78BB60-0F2E-41FF-A0C4-A77E11C4C8A7}.Release|Any CPU.ActiveCfg = Release|Any CPU
		{8D78BB60-0F2E-41FF-A0C4-A77E11C4C8A7}.Release|Any CPU.Build.0 = Release|Any CPU
		{8D78BB60-0F2E-41FF-A0C4-A77E11C4C8A7}.Release|x64.ActiveCfg = Release|Any CPU
		{8D78BB60-0F2E-41FF-A0C4-A77E11C4C8A7}.Release|x64.Build.0 = Release|Any CPU
		{8D78BB60-0F2E-41FF-A0C4-A77E11C4C8A7}.Release|x86.ActiveCfg = Release|Any CPU
		{8D78BB60-0F2E-41FF-A0C4-A77E11C4C8A7}.Release|x86.Build.0 = Release|Any CPU
		{934D389A-071F-4801-9383-1BBB7FD87B96}.Debug|Any CPU.ActiveCfg = Debug|Any CPU
		{934D389A-071F-4801-9383-1BBB7FD87B96}.Debug|Any CPU.Build.0 = Debug|Any CPU
		{934D389A-071F-4801-9383-1BBB7FD87B96}.Debug|x64.ActiveCfg = Debug|Any CPU
		{934D389A-071F-4801-9383-1BBB7FD87B96}.Debug|x64.Build.0 = Debug|Any CPU
		{934D389A-071F-4801-9383-1BBB7FD87B96}.Debug|x86.ActiveCfg = Debug|Any CPU
		{934D389A-071F-4801-9383-1BBB7FD87B96}.Debug|x86.Build.0 = Debug|Any CPU
		{934D389A-071F-4801-9383-1BBB7FD87B96}.Release|Any CPU.ActiveCfg = Release|Any CPU
		{934D389A-071F-4801-9383-1BBB7FD87B96}.Release|Any CPU.Build.0 = Release|Any CPU
		{934D389A-071F-4801-9383-1BBB7FD87B96}.Release|x64.ActiveCfg = Release|Any CPU
		{934D389A-071F-4801-9383-1BBB7FD87B96}.Release|x64.Build.0 = Release|Any CPU
		{934D389A-071F-4801-9383-1BBB7FD87B96}.Release|x86.ActiveCfg = Release|Any CPU
		{934D389A-071F-4801-9383-1BBB7FD87B96}.Release|x86.Build.0 = Release|Any CPU
		{246E289E-480D-457A-BBE6-F5810C3A7899}.Debug|Any CPU.ActiveCfg = Debug|Any CPU
		{246E289E-480D-457A-BBE6-F5810C3A7899}.Debug|Any CPU.Build.0 = Debug|Any CPU
		{246E289E-480D-457A-BBE6-F5810C3A7899}.Debug|x64.ActiveCfg = Debug|Any CPU
		{246E289E-480D-457A-BBE6-F5810C3A7899}.Debug|x64.Build.0 = Debug|Any CPU
		{246E289E-480D-457A-BBE6-F5810C3A7899}.Debug|x86.ActiveCfg = Debug|Any CPU
		{246E289E-480D-457A-BBE6-F5810C3A7899}.Debug|x86.Build.0 = Debug|Any CPU
		{246E289E-480D-457A-BBE6-F5810C3A7899}.Release|Any CPU.ActiveCfg = Release|Any CPU
		{246E289E-480D-457A-BBE6-F5810C3A7899}.Release|Any CPU.Build.0 = Release|Any CPU
		{246E289E-480D-457A-BBE6-F5810C3A7899}.Release|x64.ActiveCfg = Release|Any CPU
		{246E289E-480D-457A-BBE6-F5810C3A7899}.Release|x64.Build.0 = Release|Any CPU
		{246E289E-480D-457A-BBE6-F5810C3A7899}.Release|x86.ActiveCfg = Release|Any CPU
		{246E289E-480D-457A-BBE6-F5810C3A7899}.Release|x86.Build.0 = Release|Any CPU
		{601B687F-8E71-4895-BF49-613C3C2ECBB1}.Debug|Any CPU.ActiveCfg = Debug|Any CPU
		{601B687F-8E71-4895-BF49-613C3C2ECBB1}.Debug|Any CPU.Build.0 = Debug|Any CPU
		{601B687F-8E71-4895-BF49-613C3C2ECBB1}.Debug|x64.ActiveCfg = Debug|Any CPU
		{601B687F-8E71-4895-BF49-613C3C2ECBB1}.Debug|x64.Build.0 = Debug|Any CPU
		{601B687F-8E71-4895-BF49-613C3C2ECBB1}.Debug|x86.ActiveCfg = Debug|Any CPU
		{601B687F-8E71-4895-BF49-613C3C2ECBB1}.Debug|x86.Build.0 = Debug|Any CPU
		{601B687F-8E71-4895-BF49-613C3C2ECBB1}.Release|Any CPU.ActiveCfg = Release|Any CPU
		{601B687F-8E71-4895-BF49-613C3C2ECBB1}.Release|Any CPU.Build.0 = Release|Any CPU
		{601B687F-8E71-4895-BF49-613C3C2ECBB1}.Release|x64.ActiveCfg = Release|Any CPU
		{601B687F-8E71-4895-BF49-613C3C2ECBB1}.Release|x64.Build.0 = Release|Any CPU
		{601B687F-8E71-4895-BF49-613C3C2ECBB1}.Release|x86.ActiveCfg = Release|Any CPU
		{601B687F-8E71-4895-BF49-613C3C2ECBB1}.Release|x86.Build.0 = Release|Any CPU
		{8FE326A7-7C77-4435-AC6C-E2F936D42FA8}.Debug|Any CPU.ActiveCfg = Debug|Any CPU
		{8FE326A7-7C77-4435-AC6C-E2F936D42FA8}.Debug|Any CPU.Build.0 = Debug|Any CPU
		{8FE326A7-7C77-4435-AC6C-E2F936D42FA8}.Debug|x64.ActiveCfg = Debug|Any CPU
		{8FE326A7-7C77-4435-AC6C-E2F936D42FA8}.Debug|x64.Build.0 = Debug|Any CPU
		{8FE326A7-7C77-4435-AC6C-E2F936D42FA8}.Debug|x86.ActiveCfg = Debug|Any CPU
		{8FE326A7-7C77-4435-AC6C-E2F936D42FA8}.Debug|x86.Build.0 = Debug|Any CPU
		{8FE326A7-7C77-4435-AC6C-E2F936D42FA8}.Release|Any CPU.ActiveCfg = Release|Any CPU
		{8FE326A7-7C77-4435-AC6C-E2F936D42FA8}.Release|Any CPU.Build.0 = Release|Any CPU
		{8FE326A7-7C77-4435-AC6C-E2F936D42FA8}.Release|x64.ActiveCfg = Release|Any CPU
		{8FE326A7-7C77-4435-AC6C-E2F936D42FA8}.Release|x64.Build.0 = Release|Any CPU
		{8FE326A7-7C77-4435-AC6C-E2F936D42FA8}.Release|x86.ActiveCfg = Release|Any CPU
		{8FE326A7-7C77-4435-AC6C-E2F936D42FA8}.Release|x86.Build.0 = Release|Any CPU
		{13A82F2E-4DC0-49DE-A5A0-AD4906E9857B}.Debug|Any CPU.ActiveCfg = Debug|Any CPU
		{13A82F2E-4DC0-49DE-A5A0-AD4906E9857B}.Debug|Any CPU.Build.0 = Debug|Any CPU
		{13A82F2E-4DC0-49DE-A5A0-AD4906E9857B}.Debug|x64.ActiveCfg = Debug|Any CPU
		{13A82F2E-4DC0-49DE-A5A0-AD4906E9857B}.Debug|x64.Build.0 = Debug|Any CPU
		{13A82F2E-4DC0-49DE-A5A0-AD4906E9857B}.Debug|x86.ActiveCfg = Debug|Any CPU
		{13A82F2E-4DC0-49DE-A5A0-AD4906E9857B}.Debug|x86.Build.0 = Debug|Any CPU
		{13A82F2E-4DC0-49DE-A5A0-AD4906E9857B}.Release|Any CPU.ActiveCfg = Release|Any CPU
		{13A82F2E-4DC0-49DE-A5A0-AD4906E9857B}.Release|Any CPU.Build.0 = Release|Any CPU
		{13A82F2E-4DC0-49DE-A5A0-AD4906E9857B}.Release|x64.ActiveCfg = Release|Any CPU
		{13A82F2E-4DC0-49DE-A5A0-AD4906E9857B}.Release|x64.Build.0 = Release|Any CPU
		{13A82F2E-4DC0-49DE-A5A0-AD4906E9857B}.Release|x86.ActiveCfg = Release|Any CPU
		{13A82F2E-4DC0-49DE-A5A0-AD4906E9857B}.Release|x86.Build.0 = Release|Any CPU
		{C39020F9-CE3B-4C98-8B6B-C2F5A783916B}.Debug|Any CPU.ActiveCfg = Debug|Any CPU
		{C39020F9-CE3B-4C98-8B6B-C2F5A783916B}.Debug|Any CPU.Build.0 = Debug|Any CPU
		{C39020F9-CE3B-4C98-8B6B-C2F5A783916B}.Debug|x64.ActiveCfg = Debug|Any CPU
		{C39020F9-CE3B-4C98-8B6B-C2F5A783916B}.Debug|x64.Build.0 = Debug|Any CPU
		{C39020F9-CE3B-4C98-8B6B-C2F5A783916B}.Debug|x86.ActiveCfg = Debug|Any CPU
		{C39020F9-CE3B-4C98-8B6B-C2F5A783916B}.Debug|x86.Build.0 = Debug|Any CPU
		{C39020F9-CE3B-4C98-8B6B-C2F5A783916B}.Release|Any CPU.ActiveCfg = Release|Any CPU
		{C39020F9-CE3B-4C98-8B6B-C2F5A783916B}.Release|Any CPU.Build.0 = Release|Any CPU
		{C39020F9-CE3B-4C98-8B6B-C2F5A783916B}.Release|x64.ActiveCfg = Release|Any CPU
		{C39020F9-CE3B-4C98-8B6B-C2F5A783916B}.Release|x64.Build.0 = Release|Any CPU
		{C39020F9-CE3B-4C98-8B6B-C2F5A783916B}.Release|x86.ActiveCfg = Release|Any CPU
		{C39020F9-CE3B-4C98-8B6B-C2F5A783916B}.Release|x86.Build.0 = Release|Any CPU
		{FB1AA587-9261-4E56-AE00-1898F2E01869}.Debug|Any CPU.ActiveCfg = Debug|Any CPU
		{FB1AA587-9261-4E56-AE00-1898F2E01869}.Debug|Any CPU.Build.0 = Debug|Any CPU
		{FB1AA587-9261-4E56-AE00-1898F2E01869}.Debug|x64.ActiveCfg = Debug|Any CPU
		{FB1AA587-9261-4E56-AE00-1898F2E01869}.Debug|x64.Build.0 = Debug|Any CPU
		{FB1AA587-9261-4E56-AE00-1898F2E01869}.Debug|x86.ActiveCfg = Debug|Any CPU
		{FB1AA587-9261-4E56-AE00-1898F2E01869}.Debug|x86.Build.0 = Debug|Any CPU
		{FB1AA587-9261-4E56-AE00-1898F2E01869}.Release|Any CPU.ActiveCfg = Release|Any CPU
		{FB1AA587-9261-4E56-AE00-1898F2E01869}.Release|Any CPU.Build.0 = Release|Any CPU
		{FB1AA587-9261-4E56-AE00-1898F2E01869}.Release|x64.ActiveCfg = Release|Any CPU
		{FB1AA587-9261-4E56-AE00-1898F2E01869}.Release|x64.Build.0 = Release|Any CPU
		{FB1AA587-9261-4E56-AE00-1898F2E01869}.Release|x86.ActiveCfg = Release|Any CPU
		{FB1AA587-9261-4E56-AE00-1898F2E01869}.Release|x86.Build.0 = Release|Any CPU
	EndGlobalSection
	GlobalSection(NestedProjects) = preSolution
		{246E289E-480D-457A-BBE6-F5810C3A7899} = {1DC6B352-3708-43D4-A506-F4732CC575AE}
		{601B687F-8E71-4895-BF49-613C3C2ECBB1} = {1DC6B352-3708-43D4-A506-F4732CC575AE}
		{8FE326A7-7C77-4435-AC6C-E2F936D42FA8} = {1DC6B352-3708-43D4-A506-F4732CC575AE}
		{13A82F2E-4DC0-49DE-A5A0-AD4906E9857B} = {1DC6B352-3708-43D4-A506-F4732CC575AE}
		{C39020F9-CE3B-4C98-8B6B-C2F5A783916B} = {1DC6B352-3708-43D4-A506-F4732CC575AE}
		{FB1AA587-9261-4E56-AE00-1898F2E01869} = {1DC6B352-3708-43D4-A506-F4732CC575AE}
	EndGlobalSection
EndGlobal
