
Microsoft Visual Studio Solution File, Format Version 12.00
# Visual Studio Version 17
VisualStudioVersion = 17.0.31903.59
MinimumVisualStudioVersion = 10.0.40219.1
Project("{2150E333-8FDC-42A3-9474-1A3956D46DE8}") = "GLOB", "GLOB", "{1DC6B352-3708-43D4-A506-F4732CC575AE}"
EndProject
Project("{FAE04EC0-301F-11D3-BF4B-00C04F79EFBC}") = "GLOB.API.Config", "GLOB\GLOB.API.Config\GLOB.API.Config.csproj", "{246E289E-480D-457A-BBE6-F5810C3A7899}"
EndProject
Project("{FAE04EC0-301F-11D3-BF4B-00C04F79EFBC}") = "GLOB.API", "GLOB\GLOB.API\GLOB.API.csproj", "{601B687F-8E71-4895-BF49-613C3C2ECBB1}"
EndProject
Project("{FAE04EC0-301F-11D3-BF4B-00C04F79EFBC}") = "GLOB.Domain", "GLOB\GLOB.Domain\GLOB.Domain.csproj", "{8FE326A7-7C77-4435-AC6C-E2F936D42FA8}"
EndProject
Project("{FAE04EC0-301F-11D3-BF4B-00C04F79EFBC}") = "GLOB.Infra", "GLOB\GLOB.Infra\GLOB.Infra.csproj", "{13A82F2E-4DC0-49DE-A5A0-AD4906E9857B}"
EndProject
Project("{FAE04EC0-301F-11D3-BF4B-00C04F79EFBC}") = "SBA.Job", "Projects\SBA.Job\SBA.Job.csproj", "{7BB1BFDE-5607-401B-BE87-475B7EBEFF55}"
EndProject
Project("{2150E333-8FDC-42A3-9474-1A3956D46DE8}") = "Projects", "Projects", "{0F469FD2-7A82-41D3-ACD8-25B39E7D470A}"
EndProject
Project("{FAE04EC0-301F-11D3-BF4B-00C04F79EFBC}") = "SBA.APIGateway", "Projects\SBA.APIGateway\SBA.APIGateway.csproj", "{BB920669-1FA4-402E-890F-F562DE2D724D}"
EndProject
Project("{FAE04EC0-301F-11D3-BF4B-00C04F79EFBC}") = "SBA.Auth", "Projects\SBA.Auth\SBA.Auth.csproj", "{E6B07298-A0A8-4A80-9126-DE25DEBC0E17}"
EndProject
Project("{FAE04EC0-301F-11D3-BF4B-00C04F79EFBC}") = "SBA.Hierarchy", "Projects\SBA.Hierarchy\SBA.Hierarchy.csproj", "{9309F8D5-2DE4-42F8-BA71-6E571119BDF6}"
EndProject
Project("{FAE04EC0-301F-11D3-BF4B-00C04F79EFBC}") = "SBA.Userz", "Projects\SBA.Userz\SBA.Userz.csproj", "{435002EC-52BA-40AC-A7D1-0734FC899EF1}"
EndProject
Project("{FAE04EC0-301F-11D3-BF4B-00C04F79EFBC}") = "SBA.Orderz", "Projects\SBA.Orderz\SBA.Orderz.csproj", "{A07CEC6A-EA7B-446E-A1A0-5908BF01D441}"
EndProject
Global
	GlobalSection(SolutionConfigurationPlatforms) = preSolution
		Debug|Any CPU = Debug|Any CPU
		Debug|x64 = Debug|x64
		Debug|x86 = Debug|x86
		Release|Any CPU = Release|Any CPU
		Release|x64 = Release|x64
		Release|x86 = Release|x86
	EndGlobalSection
	GlobalSection(ProjectConfigurationPlatforms) = postSolution
		{246E289E-480D-457A-BBE6-F5810C3A7899}.Debug|Any CPU.ActiveCfg = Debug|Any CPU
		{246E289E-480D-457A-BBE6-F5810C3A7899}.Debug|Any CPU.Build.0 = Debug|Any CPU
		{246E289E-480D-457A-BBE6-F5810C3A7899}.Debug|x64.ActiveCfg = Debug|Any CPU
		{246E289E-480D-457A-BBE6-F5810C3A7899}.Debug|x64.Build.0 = Debug|Any CPU
		{246E289E-480D-457A-BBE6-F5810C3A7899}.Debug|x86.ActiveCfg = Debug|Any CPU
		{246E289E-480D-457A-BBE6-F5810C3A7899}.Debug|x86.Build.0 = Debug|Any CPU
		{246E289E-480D-457A-BBE6-F5810C3A7899}.Release|Any CPU.ActiveCfg = Release|Any CPU
		{246E289E-480D-457A-BBE6-F5810C3A7899}.Release|Any CPU.Build.0 = Release|Any CPU
		{246E289E-480D-457A-BBE6-F5810C3A7899}.Release|x64.ActiveCfg = Release|Any CPU
		{246E289E-480D-457A-BBE6-F5810C3A7899}.Release|x64.Build.0 = Release|Any CPU
		{246E289E-480D-457A-BBE6-F5810C3A7899}.Release|x86.ActiveCfg = Release|Any CPU
		{246E289E-480D-457A-BBE6-F5810C3A7899}.Release|x86.Build.0 = Release|Any CPU
		{601B687F-8E71-4895-BF49-613C3C2ECBB1}.Debug|Any CPU.ActiveCfg = Debug|Any CPU
		{601B687F-8E71-4895-BF49-613C3C2ECBB1}.Debug|Any CPU.Build.0 = Debug|Any CPU
		{601B687F-8E71-4895-BF49-613C3C2ECBB1}.Debug|x64.ActiveCfg = Debug|Any CPU
		{601B687F-8E71-4895-BF49-613C3C2ECBB1}.Debug|x64.Build.0 = Debug|Any CPU
		{601B687F-8E71-4895-BF49-613C3C2ECBB1}.Debug|x86.ActiveCfg = Debug|Any CPU
		{601B687F-8E71-4895-BF49-613C3C2ECBB1}.Debug|x86.Build.0 = Debug|Any CPU
		{601B687F-8E71-4895-BF49-613C3C2ECBB1}.Release|Any CPU.ActiveCfg = Release|Any CPU
		{601B687F-8E71-4895-BF49-613C3C2ECBB1}.Release|Any CPU.Build.0 = Release|Any CPU
		{601B687F-8E71-4895-BF49-613C3C2ECBB1}.Release|x64.ActiveCfg = Release|Any CPU
		{601B687F-8E71-4895-BF49-613C3C2ECBB1}.Release|x64.Build.0 = Release|Any CPU
		{601B687F-8E71-4895-BF49-613C3C2ECBB1}.Release|x86.ActiveCfg = Release|Any CPU
		{601B687F-8E71-4895-BF49-613C3C2ECBB1}.Release|x86.Build.0 = Release|Any CPU
		{8FE326A7-7C77-4435-AC6C-E2F936D42FA8}.Debug|Any CPU.ActiveCfg = Debug|Any CPU
		{8FE326A7-7C77-4435-AC6C-E2F936D42FA8}.Debug|Any CPU.Build.0 = Debug|Any CPU
		{8FE326A7-7C77-4435-AC6C-E2F936D42FA8}.Debug|x64.ActiveCfg = Debug|Any CPU
		{8FE326A7-7C77-4435-AC6C-E2F936D42FA8}.Debug|x64.Build.0 = Debug|Any CPU
		{8FE326A7-7C77-4435-AC6C-E2F936D42FA8}.Debug|x86.ActiveCfg = Debug|Any CPU
		{8FE326A7-7C77-4435-AC6C-E2F936D42FA8}.Debug|x86.Build.0 = Debug|Any CPU
		{8FE326A7-7C77-4435-AC6C-E2F936D42FA8}.Release|Any CPU.ActiveCfg = Release|Any CPU
		{8FE326A7-7C77-4435-AC6C-E2F936D42FA8}.Release|Any CPU.Build.0 = Release|Any CPU
		{8FE326A7-7C77-4435-AC6C-E2F936D42FA8}.Release|x64.ActiveCfg = Release|Any CPU
		{8FE326A7-7C77-4435-AC6C-E2F936D42FA8}.Release|x64.Build.0 = Release|Any CPU
		{8FE326A7-7C77-4435-AC6C-E2F936D42FA8}.Release|x86.ActiveCfg = Release|Any CPU
		{8FE326A7-7C77-4435-AC6C-E2F936D42FA8}.Release|x86.Build.0 = Release|Any CPU
		{13A82F2E-4DC0-49DE-A5A0-AD4906E9857B}.Debug|Any CPU.ActiveCfg = Debug|Any CPU
		{13A82F2E-4DC0-49DE-A5A0-AD4906E9857B}.Debug|Any CPU.Build.0 = Debug|Any CPU
		{13A82F2E-4DC0-49DE-A5A0-AD4906E9857B}.Debug|x64.ActiveCfg = Debug|Any CPU
		{13A82F2E-4DC0-49DE-A5A0-AD4906E9857B}.Debug|x64.Build.0 = Debug|Any CPU
		{13A82F2E-4DC0-49DE-A5A0-AD4906E9857B}.Debug|x86.ActiveCfg = Debug|Any CPU
		{13A82F2E-4DC0-49DE-A5A0-AD4906E9857B}.Debug|x86.Build.0 = Debug|Any CPU
		{13A82F2E-4DC0-49DE-A5A0-AD4906E9857B}.Release|Any CPU.ActiveCfg = Release|Any CPU
		{13A82F2E-4DC0-49DE-A5A0-AD4906E9857B}.Release|Any CPU.Build.0 = Release|Any CPU
		{13A82F2E-4DC0-49DE-A5A0-AD4906E9857B}.Release|x64.ActiveCfg = Release|Any CPU
		{13A82F2E-4DC0-49DE-A5A0-AD4906E9857B}.Release|x64.Build.0 = Release|Any CPU
		{13A82F2E-4DC0-49DE-A5A0-AD4906E9857B}.Release|x86.ActiveCfg = Release|Any CPU
		{13A82F2E-4DC0-49DE-A5A0-AD4906E9857B}.Release|x86.Build.0 = Release|Any CPU
		{7BB1BFDE-5607-401B-BE87-475B7EBEFF55}.Debug|Any CPU.ActiveCfg = Debug|Any CPU
		{7BB1BFDE-5607-401B-BE87-475B7EBEFF55}.Debug|Any CPU.Build.0 = Debug|Any CPU
		{7BB1BFDE-5607-401B-BE87-475B7EBEFF55}.Debug|x64.ActiveCfg = Debug|Any CPU
		{7BB1BFDE-5607-401B-BE87-475B7EBEFF55}.Debug|x64.Build.0 = Debug|Any CPU
		{7BB1BFDE-5607-401B-BE87-475B7EBEFF55}.Debug|x86.ActiveCfg = Debug|Any CPU
		{7BB1BFDE-5607-401B-BE87-475B7EBEFF55}.Debug|x86.Build.0 = Debug|Any CPU
		{7BB1BFDE-5607-401B-BE87-475B7EBEFF55}.Release|Any CPU.ActiveCfg = Release|Any CPU
		{7BB1BFDE-5607-401B-BE87-475B7EBEFF55}.Release|Any CPU.Build.0 = Release|Any CPU
		{7BB1BFDE-5607-401B-BE87-475B7EBEFF55}.Release|x64.ActiveCfg = Release|Any CPU
		{7BB1BFDE-5607-401B-BE87-475B7EBEFF55}.Release|x64.Build.0 = Release|Any CPU
		{7BB1BFDE-5607-401B-BE87-475B7EBEFF55}.Release|x86.ActiveCfg = Release|Any CPU
		{7BB1BFDE-5607-401B-BE87-475B7EBEFF55}.Release|x86.Build.0 = Release|Any CPU
		{BB920669-1FA4-402E-890F-F562DE2D724D}.Debug|Any CPU.ActiveCfg = Debug|Any CPU
		{BB920669-1FA4-402E-890F-F562DE2D724D}.Debug|Any CPU.Build.0 = Debug|Any CPU
		{BB920669-1FA4-402E-890F-F562DE2D724D}.Debug|x64.ActiveCfg = Debug|Any CPU
		{BB920669-1FA4-402E-890F-F562DE2D724D}.Debug|x64.Build.0 = Debug|Any CPU
		{BB920669-1FA4-402E-890F-F562DE2D724D}.Debug|x86.ActiveCfg = Debug|Any CPU
		{BB920669-1FA4-402E-890F-F562DE2D724D}.Debug|x86.Build.0 = Debug|Any CPU
		{BB920669-1FA4-402E-890F-F562DE2D724D}.Release|Any CPU.ActiveCfg = Release|Any CPU
		{BB920669-1FA4-402E-890F-F562DE2D724D}.Release|Any CPU.Build.0 = Release|Any CPU
		{BB920669-1FA4-402E-890F-F562DE2D724D}.Release|x64.ActiveCfg = Release|Any CPU
		{BB920669-1FA4-402E-890F-F562DE2D724D}.Release|x64.Build.0 = Release|Any CPU
		{BB920669-1FA4-402E-890F-F562DE2D724D}.Release|x86.ActiveCfg = Release|Any CPU
		{BB920669-1FA4-402E-890F-F562DE2D724D}.Release|x86.Build.0 = Release|Any CPU
		{E6B07298-A0A8-4A80-9126-DE25DEBC0E17}.Debug|Any CPU.ActiveCfg = Debug|Any CPU
		{E6B07298-A0A8-4A80-9126-DE25DEBC0E17}.Debug|Any CPU.Build.0 = Debug|Any CPU
		{E6B07298-A0A8-4A80-9126-DE25DEBC0E17}.Debug|x64.ActiveCfg = Debug|Any CPU
		{E6B07298-A0A8-4A80-9126-DE25DEBC0E17}.Debug|x64.Build.0 = Debug|Any CPU
		{E6B07298-A0A8-4A80-9126-DE25DEBC0E17}.Debug|x86.ActiveCfg = Debug|Any CPU
		{E6B07298-A0A8-4A80-9126-DE25DEBC0E17}.Debug|x86.Build.0 = Debug|Any CPU
		{E6B07298-A0A8-4A80-9126-DE25DEBC0E17}.Release|Any CPU.ActiveCfg = Release|Any CPU
		{E6B07298-A0A8-4A80-9126-DE25DEBC0E17}.Release|Any CPU.Build.0 = Release|Any CPU
		{E6B07298-A0A8-4A80-9126-DE25DEBC0E17}.Release|x64.ActiveCfg = Release|Any CPU
		{E6B07298-A0A8-4A80-9126-DE25DEBC0E17}.Release|x64.Build.0 = Release|Any CPU
		{E6B07298-A0A8-4A80-9126-DE25DEBC0E17}.Release|x86.ActiveCfg = Release|Any CPU
		{E6B07298-A0A8-4A80-9126-DE25DEBC0E17}.Release|x86.Build.0 = Release|Any CPU
		{9309F8D5-2DE4-42F8-BA71-6E571119BDF6}.Debug|Any CPU.ActiveCfg = Debug|Any CPU
		{9309F8D5-2DE4-42F8-BA71-6E571119BDF6}.Debug|Any CPU.Build.0 = Debug|Any CPU
		{9309F8D5-2DE4-42F8-BA71-6E571119BDF6}.Debug|x64.ActiveCfg = Debug|Any CPU
		{9309F8D5-2DE4-42F8-BA71-6E571119BDF6}.Debug|x64.Build.0 = Debug|Any CPU
		{9309F8D5-2DE4-42F8-BA71-6E571119BDF6}.Debug|x86.ActiveCfg = Debug|Any CPU
		{9309F8D5-2DE4-42F8-BA71-6E571119BDF6}.Debug|x86.Build.0 = Debug|Any CPU
		{9309F8D5-2DE4-42F8-BA71-6E571119BDF6}.Release|Any CPU.ActiveCfg = Release|Any CPU
		{9309F8D5-2DE4-42F8-BA71-6E571119BDF6}.Release|Any CPU.Build.0 = Release|Any CPU
		{9309F8D5-2DE4-42F8-BA71-6E571119BDF6}.Release|x64.ActiveCfg = Release|Any CPU
		{9309F8D5-2DE4-42F8-BA71-6E571119BDF6}.Release|x64.Build.0 = Release|Any CPU
		{9309F8D5-2DE4-42F8-BA71-6E571119BDF6}.Release|x86.ActiveCfg = Release|Any CPU
		{9309F8D5-2DE4-42F8-BA71-6E571119BDF6}.Release|x86.Build.0 = Release|Any CPU
		{435002EC-52BA-40AC-A7D1-0734FC899EF1}.Debug|Any CPU.ActiveCfg = Debug|Any CPU
		{435002EC-52BA-40AC-A7D1-0734FC899EF1}.Debug|Any CPU.Build.0 = Debug|Any CPU
		{435002EC-52BA-40AC-A7D1-0734FC899EF1}.Debug|x64.ActiveCfg = Debug|Any CPU
		{435002EC-52BA-40AC-A7D1-0734FC899EF1}.Debug|x64.Build.0 = Debug|Any CPU
		{435002EC-52BA-40AC-A7D1-0734FC899EF1}.Debug|x86.ActiveCfg = Debug|Any CPU
		{435002EC-52BA-40AC-A7D1-0734FC899EF1}.Debug|x86.Build.0 = Debug|Any CPU
		{435002EC-52BA-40AC-A7D1-0734FC899EF1}.Release|Any CPU.ActiveCfg = Release|Any CPU
		{435002EC-52BA-40AC-A7D1-0734FC899EF1}.Release|Any CPU.Build.0 = Release|Any CPU
		{435002EC-52BA-40AC-A7D1-0734FC899EF1}.Release|x64.ActiveCfg = Release|Any CPU
		{435002EC-52BA-40AC-A7D1-0734FC899EF1}.Release|x64.Build.0 = Release|Any CPU
		{435002EC-52BA-40AC-A7D1-0734FC899EF1}.Release|x86.ActiveCfg = Release|Any CPU
		{435002EC-52BA-40AC-A7D1-0734FC899EF1}.Release|x86.Build.0 = Release|Any CPU
		{A07CEC6A-EA7B-446E-A1A0-5908BF01D441}.Debug|Any CPU.ActiveCfg = Debug|Any CPU
		{A07CEC6A-EA7B-446E-A1A0-5908BF01D441}.Debug|Any CPU.Build.0 = Debug|Any CPU
		{A07CEC6A-EA7B-446E-A1A0-5908BF01D441}.Debug|x64.ActiveCfg = Debug|Any CPU
		{A07CEC6A-EA7B-446E-A1A0-5908BF01D441}.Debug|x64.Build.0 = Debug|Any CPU
		{A07CEC6A-EA7B-446E-A1A0-5908BF01D441}.Debug|x86.ActiveCfg = Debug|Any CPU
		{A07CEC6A-EA7B-446E-A1A0-5908BF01D441}.Debug|x86.Build.0 = Debug|Any CPU
		{A07CEC6A-EA7B-446E-A1A0-5908BF01D441}.Release|Any CPU.ActiveCfg = Release|Any CPU
		{A07CEC6A-EA7B-446E-A1A0-5908BF01D441}.Release|Any CPU.Build.0 = Release|Any CPU
		{A07CEC6A-EA7B-446E-A1A0-5908BF01D441}.Release|x64.ActiveCfg = Release|Any CPU
		{A07CEC6A-EA7B-446E-A1A0-5908BF01D441}.Release|x64.Build.0 = Release|Any CPU
		{A07CEC6A-EA7B-446E-A1A0-5908BF01D441}.Release|x86.ActiveCfg = Release|Any CPU
		{A07CEC6A-EA7B-446E-A1A0-5908BF01D441}.Release|x86.Build.0 = Release|Any CPU
	EndGlobalSection
	GlobalSection(SolutionProperties) = preSolution
		HideSolutionNode = FALSE
	EndGlobalSection
	GlobalSection(NestedProjects) = preSolution
		{246E289E-480D-457A-BBE6-F5810C3A7899} = {1DC6B352-3708-43D4-A506-F4732CC575AE}
		{601B687F-8E71-4895-BF49-613C3C2ECBB1} = {1DC6B352-3708-43D4-A506-F4732CC575AE}
		{8FE326A7-7C77-4435-AC6C-E2F936D42FA8} = {1DC6B352-3708-43D4-A506-F4732CC575AE}
		{13A82F2E-4DC0-49DE-A5A0-AD4906E9857B} = {1DC6B352-3708-43D4-A506-F4732CC575AE}
		{7BB1BFDE-5607-401B-BE87-475B7EBEFF55} = {0F469FD2-7A82-41D3-ACD8-25B39E7D470A}
		{BB920669-1FA4-402E-890F-F562DE2D724D} = {0F469FD2-7A82-41D3-ACD8-25B39E7D470A}
		{E6B07298-A0A8-4A80-9126-DE25DEBC0E17} = {0F469FD2-7A82-41D3-ACD8-25B39E7D470A}
		{9309F8D5-2DE4-42F8-BA71-6E571119BDF6} = {0F469FD2-7A82-41D3-ACD8-25B39E7D470A}
		{435002EC-52BA-40AC-A7D1-0734FC899EF1} = {0F469FD2-7A82-41D3-ACD8-25B39E7D470A}
		{A07CEC6A-EA7B-446E-A1A0-5908BF01D441} = {0F469FD2-7A82-41D3-ACD8-25B39E7D470A}
	EndGlobalSection
EndGlobal
