Microsoft Visual Studio Solution File, Format Version 12.00
# Visual Studio Version 17
VisualStudioVersion = 17.5.2.0
MinimumVisualStudioVersion = 10.0.40219.1
Project("{FAE04EC0-301F-11D3-BF4B-00C04F79EFBC}") = "SBA.APIGateway", "SBA.APIGateway.csproj", "{5DB2579E-698D-93B2-757F-8D4D621E948F}"
EndProject
Global
	GlobalSection(SolutionConfigurationPlatforms) = preSolution
		Debug|Any CPU = Debug|Any CPU
		Release|Any CPU = Release|Any CPU
	EndGlobalSection
	GlobalSection(ProjectConfigurationPlatforms) = postSolution
		{5DB2579E-698D-93B2-757F-8D4D621E948F}.Debug|Any CPU.ActiveCfg = Debug|Any CPU
		{5DB2579E-698D-93B2-757F-8D4D621E948F}.Debug|Any CPU.Build.0 = Debug|Any CPU
		{5DB2579E-698D-93B2-757F-8D4D621E948F}.Release|Any CPU.ActiveCfg = Release|Any CPU
		{5DB2579E-698D-93B2-757F-8D4D621E948F}.Release|Any CPU.Build.0 = Release|Any CPU
	EndGlobalSection
	GlobalSection(SolutionProperties) = preSolution
		HideSolutionNode = FALSE
	EndGlobalSection
	GlobalSection(ExtensibilityGlobals) = postSolution
		SolutionGuid = {569EEF66-1660-48E2-94BE-290D1A23BDB9}
	EndGlobalSection
EndGlobal
